
Microsoft Visual Studio Solution File, Format Version 12.00
# Visual Studio Version 17
VisualStudioVersion = 17.12.35707.178 d17.12
MinimumVisualStudioVersion = 10.0.40219.1
Project("{54A90642-561A-4BB1-A94E-469ADEE60C69}") = "meat-app-starter", "meat-app-starter\meat-app-starter.esproj", "{0E9FBEB7-95D6-40C1-826A-23B0CA1E6E52}"
EndProject
Global
	GlobalSection(SolutionConfigurationPlatforms) = preSolution
		Debug|Any CPU = Debug|Any CPU
		Release|Any CPU = Release|Any CPU
	EndGlobalSection
	GlobalSection(ProjectConfigurationPlatforms) = postSolution
		{0E9FBEB7-95D6-40C1-826A-23B0CA1E6E52}.Debug|Any CPU.ActiveCfg = Debug|Any CPU
		{0E9FBEB7-95D6-40C1-826A-23B0CA1E6E52}.Debug|Any CPU.Build.0 = Debug|Any CPU
		{0E9FBEB7-95D6-40C1-826A-23B0CA1E6E52}.Debug|Any CPU.Deploy.0 = Debug|Any CPU
		{0E9FBEB7-95D6-40C1-826A-23B0CA1E6E52}.Release|Any CPU.ActiveCfg = Release|Any CPU
		{0E9FBEB7-95D6-40C1-826A-23B0CA1E6E52}.Release|Any CPU.Build.0 = Release|Any CPU
		{0E9FBEB7-95D6-40C1-826A-23B0CA1E6E52}.Release|Any CPU.Deploy.0 = Release|Any CPU
	EndGlobalSection
	GlobalSection(SolutionProperties) = preSolution
		HideSolutionNode = FALSE
	EndGlobalSection
EndGlobal
